
Microsoft Visual Studio Solution File, Format Version 12.00
# Visual Studio Version 17
VisualStudioVersion = 17.7.34202.233
MinimumVisualStudioVersion = 10.0.40219.1
Project("{9A19103F-16F7-4668-BE54-9A1E7A4F7556}") = "RatRace", "RatRace\RatRace.csproj", "{AEBB34C7-3CB0-47B1-9A83-826D5FEEA405}"
EndProject
Project("{9A19103F-16F7-4668-BE54-9A1E7A4F7556}") = "RatRaceFrontEnd", "RatRaceFrontEnd\RatRaceFrontEnd.csproj", "{0298D7D3-83C6-43D0-BC6A-3A62ECF2541F}"
EndProject
Project("{FAE04EC0-301F-11D3-BF4B-00C04F79EFBC}") = "BLL", "BLL\BLL.csproj", "{5D4E9BA7-8352-4DBA-B0E5-F116489C8306}"
EndProject
Global
	GlobalSection(SolutionConfigurationPlatforms) = preSolution
		Debug|Any CPU = Debug|Any CPU
		Release|Any CPU = Release|Any CPU
	EndGlobalSection
	GlobalSection(ProjectConfigurationPlatforms) = postSolution
		{AEBB34C7-3CB0-47B1-9A83-826D5FEEA405}.Debug|Any CPU.ActiveCfg = Debug|Any CPU
		{AEBB34C7-3CB0-47B1-9A83-826D5FEEA405}.Debug|Any CPU.Build.0 = Debug|Any CPU
		{AEBB34C7-3CB0-47B1-9A83-826D5FEEA405}.Release|Any CPU.ActiveCfg = Release|Any CPU
		{AEBB34C7-3CB0-47B1-9A83-826D5FEEA405}.Release|Any CPU.Build.0 = Release|Any CPU
		{0298D7D3-83C6-43D0-BC6A-3A62ECF2541F}.Debug|Any CPU.ActiveCfg = Debug|Any CPU
		{0298D7D3-83C6-43D0-BC6A-3A62ECF2541F}.Debug|Any CPU.Build.0 = Debug|Any CPU
		{0298D7D3-83C6-43D0-BC6A-3A62ECF2541F}.Release|Any CPU.ActiveCfg = Release|Any CPU
		{0298D7D3-83C6-43D0-BC6A-3A62ECF2541F}.Release|Any CPU.Build.0 = Release|Any CPU
		{5D4E9BA7-8352-4DBA-B0E5-F116489C8306}.Debug|Any CPU.ActiveCfg = Debug|Any CPU
		{5D4E9BA7-8352-4DBA-B0E5-F116489C8306}.Debug|Any CPU.Build.0 = Debug|Any CPU
		{5D4E9BA7-8352-4DBA-B0E5-F116489C8306}.Release|Any CPU.ActiveCfg = Release|Any CPU
		{5D4E9BA7-8352-4DBA-B0E5-F116489C8306}.Release|Any CPU.Build.0 = Release|Any CPU
	EndGlobalSection
	GlobalSection(SolutionProperties) = preSolution
		HideSolutionNode = FALSE
	EndGlobalSection
	GlobalSection(ExtensibilityGlobals) = postSolution
		SolutionGuid = {A2F9A9CA-00C0-4054-955E-7436B2A54CE3}
	EndGlobalSection
EndGlobal
